{
  "name": "@transitrix/plugin-examples",
  "version": "0.0.1",
  "lockfileVersion": 3,
  "requires": true,
  "packages": {
    "": {
      "name": "@transitrix/plugin-examples",
      "version": "0.0.1",
      "license": "MIT",
      "dependencies": {
        "@transitrix/diagrams": "1.9.18",
        "js-yaml": "4.3.1"
      },
      "engines": {
        "node": ">=20"
      }
    },
    "node_modules/@transitrix/diagrams": {
      "version": "1.9.18",
      "resolved": "https://registry.npmjs.org/@transitrix/diagrams/-/diagrams-1.9.18.tgz",
      "integrity": "sha512-mcaxPThI/Mm5foIdP6WW9uCDWBrKJZYPAjZ/kF9hB30gMZy29YtNL18QqicDbKXmaI1oXxyeuvA14VrJTwGqMQ==",
      "license": "MIT",
      "engines": {
        "node": ">=20"
      },
      "peerDependencies": {
        "react": "^18.0.0",
        "reactflow": "^11.0.0"
      }
    },
    "node_modules/argparse": {
      "version": "2.0.1",
      "resolved": "https://registry.npmjs.org/argparse/-/argparse-2.0.1.tgz",
      "integrity": "sha512-8+9WqebbFzpX9OR+Wa6O29asIogeRMzcGtAINdpMHHyAg10f05aSFVBbcEqGf/PXw1EjAZ+q2/bEBg3DvurK3Q==",
      "license": "Python-2.0"
    },
    "node_modules/js-yaml": {
      "version": "4.3.1",
      "resolved": "https://registry.npmjs.org/js-yaml/-/js-yaml-4.3.1.tgz",
      "integrity": "sha512-CY6crGq313MX8GkwvB7tzgp99vjQxY1++5y10/BKN/GUfHqWaOGQMNZkBvqSzsZKWk/ijwHlWzzkLulsGHhjWQ==",
      "funding": [
        {
          "type": "github",
          "url": "https://github.com/sponsors/puzrin"
        },
        {
          "type": "github",
          "url": "https://github.com/sponsors/nodeca"
        }
      ],
      "license": "MIT",
      "dependencies": {
        "argparse": "^2.0.1"
      },
      "bin": {
        "js-yaml": "bin/js-yaml.js"
      }
    }
  }
}
